// !$*UTF8*$!
{
	archiveVersion = 1;
	classes = {
	};
	objectVersion = 56;
	objects = {

/* Begin PBXBuildFile section */
		572C33B76C807D90A97B9CD0 /* Pods_PJKPager.framework in Frameworks */ = {isa = PBXBuildFile; fileRef = 9C39F1DD9A68019F6582BAEA /* Pods_PJKPager.framework */; };
		9307FDF1291A469B00FA3D1B /* PJKPagerApp.swift in Sources */ = {isa = PBXBuildFile; fileRef = 9307FDF0291A469B00FA3D1B /* PJKPagerApp.swift */; };
		9307FDF5291A469C00FA3D1B /* Assets.xcassets in Resources */ = {isa = PBXBuildFile; fileRef = 9307FDF4291A469C00FA3D1B /* Assets.xcassets */; };
		9307FDF8291A469C00FA3D1B /* Preview Assets.xcassets in Resources */ = {isa = PBXBuildFile; fileRef = 9307FDF7291A469C00FA3D1B /* Preview Assets.xcassets */; };
		9310E0D7295E384900391605 /* UserModel.swift in Sources */ = {isa = PBXBuildFile; fileRef = 9310E0D6295E384900391605 /* UserModel.swift */; };
		9310E0D929661CC100391605 /* LoginManager.swift in Sources */ = {isa = PBXBuildFile; fileRef = 9310E0D829661CC100391605 /* LoginManager.swift */; };
		9310E0DC29661CF100391605 /* BaseView.swift in Sources */ = {isa = PBXBuildFile; fileRef = 9310E0DB29661CF100391605 /* BaseView.swift */; };
		9310E0DF29661D0D00391605 /* BaseViewManager.swift in Sources */ = {isa = PBXBuildFile; fileRef = 9310E0DE29661D0D00391605 /* BaseViewManager.swift */; };
		9310E0E12966475B00391605 /* Podfile in Resources */ = {isa = PBXBuildFile; fileRef = 9310E0E02966475B00391605 /* Podfile */; };
		9310E0E329664B7F00391605 /* LoginViewModel.swift in Sources */ = {isa = PBXBuildFile; fileRef = 9310E0E229664B7F00391605 /* LoginViewModel.swift */; };
		9310E0E5296654FC00391605 /* BaseViewModel.swift in Sources */ = {isa = PBXBuildFile; fileRef = 9310E0E4296654FC00391605 /* BaseViewModel.swift */; };
		9310E0E7296658BC00391605 /* HomeView.swift in Sources */ = {isa = PBXBuildFile; fileRef = 9310E0E6296658BC00391605 /* HomeView.swift */; };
		9393C17C291B7397002B27C8 /* LoginView.swift in Sources */ = {isa = PBXBuildFile; fileRef = 9393C17B291B7397002B27C8 /* LoginView.swift */; };
/* End PBXBuildFile section */

/* Begin PBXContainerItemProxy section */
		9307FDFE291A469C00FA3D1B /* PBXContainerItemProxy */ = {
			isa = PBXContainerItemProxy;
			containerPortal = 9307FDE5291A469B00FA3D1B /* Project object */;
			proxyType = 1;
			remoteGlobalIDString = 9307FDEC291A469B00FA3D1B;
			remoteInfo = PJKPager;
		};
		9307FE08291A469C00FA3D1B /* PBXContainerItemProxy */ = {
			isa = PBXContainerItemProxy;
			containerPortal = 9307FDE5291A469B00FA3D1B /* Project object */;
			proxyType = 1;
			remoteGlobalIDString = 9307FDEC291A469B00FA3D1B;
			remoteInfo = PJKPager;
		};
/* End PBXContainerItemProxy section */

/* Begin PBXFileReference section */
		68C4ED45CA204BBF972DEC43 /* Pods-PJKPager.release.xcconfig */ = {isa = PBXFileReference; includeInIndex = 1; lastKnownFileType = text.xcconfig; name = "Pods-PJKPager.release.xcconfig"; path = "Target Support Files/Pods-PJKPager/Pods-PJKPager.release.xcconfig"; sourceTree = "<group>"; };
		9307FDED291A469B00FA3D1B /* PJKPager.app */ = {isa = PBXFileReference; explicitFileType = wrapper.application; includeInIndex = 0; path = PJKPager.app; sourceTree = BUILT_PRODUCTS_DIR; };
		9307FDF0291A469B00FA3D1B /* PJKPagerApp.swift */ = {isa = PBXFileReference; lastKnownFileType = sourcecode.swift; path = PJKPagerApp.swift; sourceTree = "<group>"; };
		9307FDF4291A469C00FA3D1B /* Assets.xcassets */ = {isa = PBXFileReference; lastKnownFileType = folder.assetcatalog; path = Assets.xcassets; sourceTree = "<group>"; };
		9307FDF7291A469C00FA3D1B /* Preview Assets.xcassets */ = {isa = PBXFileReference; lastKnownFileType = folder.assetcatalog; path = "Preview Assets.xcassets"; sourceTree = "<group>"; };
		9307FDFD291A469C00FA3D1B /* PJKPagerTests.xctest */ = {isa = PBXFileReference; explicitFileType = wrapper.cfbundle; includeInIndex = 0; path = PJKPagerTests.xctest; sourceTree = BUILT_PRODUCTS_DIR; };
		9307FE07291A469C00FA3D1B /* PJKPagerUITests.xctest */ = {isa = PBXFileReference; explicitFileType = wrapper.cfbundle; includeInIndex = 0; path = PJKPagerUITests.xctest; sourceTree = BUILT_PRODUCTS_DIR; };
		9310E0D6295E384900391605 /* UserModel.swift */ = {isa = PBXFileReference; lastKnownFileType = sourcecode.swift; path = UserModel.swift; sourceTree = "<group>"; };
		9310E0D829661CC100391605 /* LoginManager.swift */ = {isa = PBXFileReference; lastKnownFileType = sourcecode.swift; path = LoginManager.swift; sourceTree = "<group>"; };
		9310E0DB29661CF100391605 /* BaseView.swift */ = {isa = PBXFileReference; lastKnownFileType = sourcecode.swift; path = BaseView.swift; sourceTree = "<group>"; };
		9310E0DE29661D0D00391605 /* BaseViewManager.swift */ = {isa = PBXFileReference; lastKnownFileType = sourcecode.swift; path = BaseViewManager.swift; sourceTree = "<group>"; };
		9310E0E02966475B00391605 /* Podfile */ = {isa = PBXFileReference; fileEncoding = 4; lastKnownFileType = text; path = Podfile; sourceTree = "<group>"; };
		9310E0E229664B7F00391605 /* LoginViewModel.swift */ = {isa = PBXFileReference; lastKnownFileType = sourcecode.swift; path = LoginViewModel.swift; sourceTree = "<group>"; };
		9310E0E4296654FC00391605 /* BaseViewModel.swift */ = {isa = PBXFileReference; lastKnownFileType = sourcecode.swift; path = BaseViewModel.swift; sourceTree = "<group>"; };
		9310E0E6296658BC00391605 /* HomeView.swift */ = {isa = PBXFileReference; lastKnownFileType = sourcecode.swift; path = HomeView.swift; sourceTree = "<group>"; };
		9393C17B291B7397002B27C8 /* LoginView.swift */ = {isa = PBXFileReference; fileEncoding = 4; lastKnownFileType = sourcecode.swift; path = LoginView.swift; sourceTree = "<group>"; };
		96D7E7817682027CCA692A5F /* Pods-PJKPager.debug.xcconfig */ = {isa = PBXFileReference; includeInIndex = 1; lastKnownFileType = text.xcconfig; name = "Pods-PJKPager.debug.xcconfig"; path = "Target Support Files/Pods-PJKPager/Pods-PJKPager.debug.xcconfig"; sourceTree = "<group>"; };
		9C39F1DD9A68019F6582BAEA /* Pods_PJKPager.framework */ = {isa = PBXFileReference; explicitFileType = wrapper.framework; includeInIndex = 0; path = Pods_PJKPager.framework; sourceTree = BUILT_PRODUCTS_DIR; };
/* End PBXFileReference section */

/* Begin PBXFrameworksBuildPhase section */
		9307FDEA291A469B00FA3D1B /* Frameworks */ = {
			isa = PBXFrameworksBuildPhase;
			buildActionMask = 2147483647;
			files = (
				572C33B76C807D90A97B9CD0 /* Pods_PJKPager.framework in Frameworks */,
			);
			runOnlyForDeploymentPostprocessing = 0;
		};
		9307FDFA291A469C00FA3D1B /* Frameworks */ = {
			isa = PBXFrameworksBuildPhase;
			buildActionMask = 2147483647;
			files = (
			);
			runOnlyForDeploymentPostprocessing = 0;
		};
		9307FE04291A469C00FA3D1B /* Frameworks */ = {
			isa = PBXFrameworksBuildPhase;
			buildActionMask = 2147483647;
			files = (
			);
			runOnlyForDeploymentPostprocessing = 0;
		};
/* End PBXFrameworksBuildPhase section */

/* Begin PBXGroup section */
		9307FDE4291A469B00FA3D1B = {
			isa = PBXGroup;
			children = (
				9310E0E02966475B00391605 /* Podfile */,
				9307FDEF291A469B00FA3D1B /* PJKPager */,
				9307FDEE291A469B00FA3D1B /* Products */,
				D64DBE03F084A09C8DF07872 /* Pods */,
				9C89E4575BDC5276AF9F2D53 /* Frameworks */,
			);
			sourceTree = "<group>";
		};
		9307FDEE291A469B00FA3D1B /* Products */ = {
			isa = PBXGroup;
			children = (
				9307FDED291A469B00FA3D1B /* PJKPager.app */,
				9307FDFD291A469C00FA3D1B /* PJKPagerTests.xctest */,
				9307FE07291A469C00FA3D1B /* PJKPagerUITests.xctest */,
			);
			name = Products;
			sourceTree = "<group>";
		};
		9307FDEF291A469B00FA3D1B /* PJKPager */ = {
			isa = PBXGroup;
			children = (
				9310E0D5295E382B00391605 /* Users */,
				9307FDF0291A469B00FA3D1B /* PJKPagerApp.swift */,
				9393C179291B15DA002B27C8 /* Views */,
				9307FDF4291A469C00FA3D1B /* Assets.xcassets */,
				9307FDF6291A469C00FA3D1B /* Preview Content */,
			);
			path = PJKPager;
			sourceTree = "<group>";
		};
		9307FDF6291A469C00FA3D1B /* Preview Content */ = {
			isa = PBXGroup;
			children = (
				9307FDF7291A469C00FA3D1B /* Preview Assets.xcassets */,
			);
			path = "Preview Content";
			sourceTree = "<group>";
		};
		9310E0D5295E382B00391605 /* Users */ = {
			isa = PBXGroup;
			children = (
				9310E0D6295E384900391605 /* UserModel.swift */,
			);
			path = Users;
			sourceTree = "<group>";
		};
		9310E0DA29661CC700391605 /* Login */ = {
			isa = PBXGroup;
			children = (
				9393C17B291B7397002B27C8 /* LoginView.swift */,
				9310E0D829661CC100391605 /* LoginManager.swift */,
				9310E0E229664B7F00391605 /* LoginViewModel.swift */,
			);
			path = Login;
			sourceTree = "<group>";
		};
		9310E0DD29661CFB00391605 /* Base */ = {
			isa = PBXGroup;
			children = (
				9310E0DB29661CF100391605 /* BaseView.swift */,
				9310E0DE29661D0D00391605 /* BaseViewManager.swift */,
				9310E0E4296654FC00391605 /* BaseViewModel.swift */,
			);
			path = Base;
			sourceTree = "<group>";
		};
		9393C179291B15DA002B27C8 /* Views */ = {
			isa = PBXGroup;
			children = (
				9310E0DD29661CFB00391605 /* Base */,
				9310E0DA29661CC700391605 /* Login */,
				9310E0E6296658BC00391605 /* HomeView.swift */,
			);
			path = Views;
			sourceTree = "<group>";
		};
		9C89E4575BDC5276AF9F2D53 /* Frameworks */ = {
			isa = PBXGroup;
			children = (
				9C39F1DD9A68019F6582BAEA /* Pods_PJKPager.framework */,
			);
			name = Frameworks;
			sourceTree = "<group>";
		};
		D64DBE03F084A09C8DF07872 /* Pods */ = {
			isa = PBXGroup;
			children = (
				96D7E7817682027CCA692A5F /* Pods-PJKPager.debug.xcconfig */,
				68C4ED45CA204BBF972DEC43 /* Pods-PJKPager.release.xcconfig */,
			);
			path = Pods;
			sourceTree = "<group>";
		};
/* End PBXGroup section */

/* Begin PBXNativeTarget section */
		9307FDEC291A469B00FA3D1B /* PJKPager */ = {
			isa = PBXNativeTarget;
			buildConfigurationList = 9307FE11291A469C00FA3D1B /* Build configuration list for PBXNativeTarget "PJKPager" */;
			buildPhases = (
				EE8666A2391FD51D46C141CE /* [CP] Check Pods Manifest.lock */,
				9307FDE9291A469B00FA3D1B /* Sources */,
				9307FDEA291A469B00FA3D1B /* Frameworks */,
				9307FDEB291A469B00FA3D1B /* Resources */,
				B789E163B7D4977AB0C8E889 /* [CP] Embed Pods Frameworks */,
			);
			buildRules = (
			);
			dependencies = (
			);
			name = PJKPager;
			productName = PJKPager;
			productReference = 9307FDED291A469B00FA3D1B /* PJKPager.app */;
			productType = "com.apple.product-type.application";
		};
		9307FDFC291A469C00FA3D1B /* PJKPagerTests */ = {
			isa = PBXNativeTarget;
			buildConfigurationList = 9307FE14291A469C00FA3D1B /* Build configuration list for PBXNativeTarget "PJKPagerTests" */;
			buildPhases = (
				9307FDF9291A469C00FA3D1B /* Sources */,
				9307FDFA291A469C00FA3D1B /* Frameworks */,
				9307FDFB291A469C00FA3D1B /* Resources */,
			);
			buildRules = (
			);
			dependencies = (
				9307FDFF291A469C00FA3D1B /* PBXTargetDependency */,
			);
			name = PJKPagerTests;
			productName = PJKPagerTests;
			productReference = 9307FDFD291A469C00FA3D1B /* PJKPagerTests.xctest */;
			productType = "com.apple.product-type.bundle.unit-test";
		};
		9307FE06291A469C00FA3D1B /* PJKPagerUITests */ = {
			isa = PBXNativeTarget;
			buildConfigurationList = 9307FE17291A469C00FA3D1B /* Build configuration list for PBXNativeTarget "PJKPagerUITests" */;
			buildPhases = (
				9307FE03291A469C00FA3D1B /* Sources */,
				9307FE04291A469C00FA3D1B /* Frameworks */,
				9307FE05291A469C00FA3D1B /* Resources */,
			);
			buildRules = (
			);
			dependencies = (
				9307FE09291A469C00FA3D1B /* PBXTargetDependency */,
			);
			name = PJKPagerUITests;
			productName = PJKPagerUITests;
			productReference = 9307FE07291A469C00FA3D1B /* PJKPagerUITests.xctest */;
			productType = "com.apple.product-type.bundle.ui-testing";
		};
/* End PBXNativeTarget section */

/* Begin PBXProject section */
		9307FDE5291A469B00FA3D1B /* Project object */ = {
			isa = PBXProject;
			attributes = {
				BuildIndependentTargetsInParallel = 1;
				LastSwiftUpdateCheck = 1400;
				LastUpgradeCheck = 1400;
				TargetAttributes = {
					9307FDEC291A469B00FA3D1B = {
						CreatedOnToolsVersion = 14.0.1;
					};
					9307FDFC291A469C00FA3D1B = {
						CreatedOnToolsVersion = 14.0.1;
						TestTargetID = 9307FDEC291A469B00FA3D1B;
					};
					9307FE06291A469C00FA3D1B = {
						CreatedOnToolsVersion = 14.0.1;
						TestTargetID = 9307FDEC291A469B00FA3D1B;
					};
				};
			};
			buildConfigurationList = 9307FDE8291A469B00FA3D1B /* Build configuration list for PBXProject "PJKPager" */;
			compatibilityVersion = "Xcode 14.0";
			developmentRegion = en;
			hasScannedForEncodings = 0;
			knownRegions = (
				en,
				Base,
			);
			mainGroup = 9307FDE4291A469B00FA3D1B;
			productRefGroup = 9307FDEE291A469B00FA3D1B /* Products */;
			projectDirPath = "";
			projectRoot = "";
			targets = (
				9307FDEC291A469B00FA3D1B /* PJKPager */,
				9307FDFC291A469C00FA3D1B /* PJKPagerTests */,
				9307FE06291A469C00FA3D1B /* PJKPagerUITests */,
			);
		};
/* End PBXProject section */

/* Begin PBXResourcesBuildPhase section */
		9307FDEB291A469B00FA3D1B /* Resources */ = {
			isa = PBXResourcesBuildPhase;
			buildActionMask = 2147483647;
			files = (
				9310E0E12966475B00391605 /* Podfile in Resources */,
				9307FDF8291A469C00FA3D1B /* Preview Assets.xcassets in Resources */,
				9307FDF5291A469C00FA3D1B /* Assets.xcassets in Resources */,
			);
			runOnlyForDeploymentPostprocessing = 0;
		};
		9307FDFB291A469C00FA3D1B /* Resources */ = {
			isa = PBXResourcesBuildPhase;
			buildActionMask = 2147483647;
			files = (
			);
			runOnlyForDeploymentPostprocessing = 0;
		};
		9307FE05291A469C00FA3D1B /* Resources */ = {
			isa = PBXResourcesBuildPhase;
			buildActionMask = 2147483647;
			files = (
			);
			runOnlyForDeploymentPostprocessing = 0;
		};
/* End PBXResourcesBuildPhase section */

/* Begin PBXShellScriptBuildPhase section */
		B789E163B7D4977AB0C8E889 /* [CP] Embed Pods Frameworks */ = {
			isa = PBXShellScriptBuildPhase;
			buildActionMask = 2147483647;
			files = (
			);
			inputFileListPaths = (
				"${PODS_ROOT}/Target Support Files/Pods-PJKPager/Pods-PJKPager-frameworks-${CONFIGURATION}-input-files.xcfilelist",
			);
			name = "[CP] Embed Pods Frameworks";
			outputFileListPaths = (
				"${PODS_ROOT}/Target Support Files/Pods-PJKPager/Pods-PJKPager-frameworks-${CONFIGURATION}-output-files.xcfilelist",
			);
			runOnlyForDeploymentPostprocessing = 0;
			shellPath = /bin/sh;
			shellScript = "\"${PODS_ROOT}/Target Support Files/Pods-PJKPager/Pods-PJKPager-frameworks.sh\"\n";
			showEnvVarsInLog = 0;
		};
		EE8666A2391FD51D46C141CE /* [CP] Check Pods Manifest.lock */ = {
			isa = PBXShellScriptBuildPhase;
			buildActionMask = 2147483647;
			files = (
			);
			inputFileListPaths = (
			);
			inputPaths = (
				"${PODS_PODFILE_DIR_PATH}/Podfile.lock",
				"${PODS_ROOT}/Manifest.lock",
			);
			name = "[CP] Check Pods Manifest.lock";
			outputFileListPaths = (
			);
			outputPaths = (
				"$(DERIVED_FILE_DIR)/Pods-PJKPager-checkManifestLockResult.txt",
			);
			runOnlyForDeploymentPostprocessing = 0;
			shellPath = /bin/sh;
			shellScript = "diff \"${PODS_PODFILE_DIR_PATH}/Podfile.lock\" \"${PODS_ROOT}/Manifest.lock\" > /dev/null\nif [ $? != 0 ] ; then\n    # print error to STDERR\n    echo \"error: The sandbox is not in sync with the Podfile.lock. Run 'pod install' or update your CocoaPods installation.\" >&2\n    exit 1\nfi\n# This output is used by Xcode 'outputs' to avoid re-running this script phase.\necho \"SUCCESS\" > \"${SCRIPT_OUTPUT_FILE_0}\"\n";
			showEnvVarsInLog = 0;
		};
/* End PBXShellScriptBuildPhase section */

/* Begin PBXSourcesBuildPhase section */
		9307FDE9291A469B00FA3D1B /* Sources */ = {
			isa = PBXSourcesBuildPhase;
			buildActionMask = 2147483647;
			files = (
				9310E0E7296658BC00391605 /* HomeView.swift in Sources */,
				9393C17C291B7397002B27C8 /* LoginView.swift in Sources */,
				9310E0D929661CC100391605 /* LoginManager.swift in Sources */,
				9310E0DC29661CF100391605 /* BaseView.swift in Sources */,
				9310E0D7295E384900391605 /* UserModel.swift in Sources */,
				9307FDF1291A469B00FA3D1B /* PJKPagerApp.swift in Sources */,
				9310E0E5296654FC00391605 /* BaseViewModel.swift in Sources */,
				9310E0DF29661D0D00391605 /* BaseViewManager.swift in Sources */,
				9310E0E329664B7F00391605 /* LoginViewModel.swift in Sources */,
			);
			runOnlyForDeploymentPostprocessing = 0;
		};
		9307FDF9291A469C00FA3D1B /* Sources */ = {
			isa = PBXSourcesBuildPhase;
			buildActionMask = 2147483647;
			files = (
			);
			runOnlyForDeploymentPostprocessing = 0;
		};
		9307FE03291A469C00FA3D1B /* Sources */ = {
			isa = PBXSourcesBuildPhase;
			buildActionMask = 2147483647;
			files = (
			);
			runOnlyForDeploymentPostprocessing = 0;
		};
/* End PBXSourcesBuildPhase section */

/* Begin PBXTargetDependency section */
		9307FDFF291A469C00FA3D1B /* PBXTargetDependency */ = {
			isa = PBXTargetDependency;
			target = 9307FDEC291A469B00FA3D1B /* PJKPager */;
			targetProxy = 9307FDFE291A469C00FA3D1B /* PBXContainerItemProxy */;
		};
		9307FE09291A469C00FA3D1B /* PBXTargetDependency */ = {
			isa = PBXTargetDependency;
			target = 9307FDEC291A469B00FA3D1B /* PJKPager */;
			targetProxy = 9307FE08291A469C00FA3D1B /* PBXContainerItemProxy */;
		};
/* End PBXTargetDependency section */

/* Begin XCBuildConfiguration section */
		9307FE0F291A469C00FA3D1B /* Debug */ = {
			isa = XCBuildConfiguration;
			buildSettings = {
				ALWAYS_SEARCH_USER_PATHS = NO;
				CLANG_ANALYZER_NONNULL = YES;
				CLANG_ANALYZER_NUMBER_OBJECT_CONVERSION = YES_AGGRESSIVE;
				CLANG_CXX_LANGUAGE_STANDARD = "gnu++20";
				CLANG_ENABLE_MODULES = YES;
				CLANG_ENABLE_OBJC_ARC = YES;
				CLANG_ENABLE_OBJC_WEAK = YES;
				CLANG_WARN_BLOCK_CAPTURE_AUTORELEASING = YES;
				CLANG_WARN_BOOL_CONVERSION = YES;
				CLANG_WARN_COMMA = YES;
				CLANG_WARN_CONSTANT_CONVERSION = YES;
				CLANG_WARN_DEPRECATED_OBJC_IMPLEMENTATIONS = YES;
				CLANG_WARN_DIRECT_OBJC_ISA_USAGE = YES_ERROR;
				CLANG_WARN_DOCUMENTATION_COMMENTS = YES;
				CLANG_WARN_EMPTY_BODY = YES;
				CLANG_WARN_ENUM_CONVERSION = YES;
				CLANG_WARN_INFINITE_RECURSION = YES;
				CLANG_WARN_INT_CONVERSION = YES;
				CLANG_WARN_NON_LITERAL_NULL_CONVERSION = YES;
				CLANG_WARN_OBJC_IMPLICIT_RETAIN_SELF = YES;
				CLANG_WARN_OBJC_LITERAL_CONVERSION = YES;
				CLANG_WARN_OBJC_ROOT_CLASS = YES_ERROR;
				CLANG_WARN_QUOTED_INCLUDE_IN_FRAMEWORK_HEADER = YES;
				CLANG_WARN_RANGE_LOOP_ANALYSIS = YES;
				CLANG_WARN_STRICT_PROTOTYPES = YES;
				CLANG_WARN_SUSPICIOUS_MOVE = YES;
				CLANG_WARN_UNGUARDED_AVAILABILITY = YES_AGGRESSIVE;
				CLANG_WARN_UNREACHABLE_CODE = YES;
				CLANG_WARN__DUPLICATE_METHOD_MATCH = YES;
				COPY_PHASE_STRIP = NO;
				DEBUG_INFORMATION_FORMAT = dwarf;
				ENABLE_STRICT_OBJC_MSGSEND = YES;
				ENABLE_TESTABILITY = YES;
				GCC_C_LANGUAGE_STANDARD = gnu11;
				GCC_DYNAMIC_NO_PIC = NO;
				GCC_NO_COMMON_BLOCKS = YES;
				GCC_OPTIMIZATION_LEVEL = 0;
				GCC_PREPROCESSOR_DEFINITIONS = (
					"DEBUG=1",
					"$(inherited)",
				);
				GCC_WARN_64_TO_32_BIT_CONVERSION = YES;
				GCC_WARN_ABOUT_RETURN_TYPE = YES_ERROR;
				GCC_WARN_UNDECLARED_SELECTOR = YES;
				GCC_WARN_UNINITIALIZED_AUTOS = YES_AGGRESSIVE;
				GCC_WARN_UNUSED_FUNCTION = YES;
				GCC_WARN_UNUSED_VARIABLE = YES;
				IPHONEOS_DEPLOYMENT_TARGET = 16.0;
				MTL_ENABLE_DEBUG_INFO = INCLUDE_SOURCE;
				MTL_FAST_MATH = YES;
				ONLY_ACTIVE_ARCH = YES;
				SDKROOT = iphoneos;
				SWIFT_ACTIVE_COMPILATION_CONDITIONS = DEBUG;
				SWIFT_OPTIMIZATION_LEVEL = "-Onone";
			};
			name = Debug;
		};
		9307FE10291A469C00FA3D1B /* Release */ = {
			isa = XCBuildConfiguration;
			buildSettings = {
				ALWAYS_SEARCH_USER_PATHS = NO;
				CLANG_ANALYZER_NONNULL = YES;
				CLANG_ANALYZER_NUMBER_OBJECT_CONVERSION = YES_AGGRESSIVE;
				CLANG_CXX_LANGUAGE_STANDARD = "gnu++20";
				CLANG_ENABLE_MODULES = YES;
				CLANG_ENABLE_OBJC_ARC = YES;
				CLANG_ENABLE_OBJC_WEAK = YES;
				CLANG_WARN_BLOCK_CAPTURE_AUTORELEASING = YES;
				CLANG_WARN_BOOL_CONVERSION = YES;
				CLANG_WARN_COMMA = YES;
				CLANG_WARN_CONSTANT_CONVERSION = YES;
				CLANG_WARN_DEPRECATED_OBJC_IMPLEMENTATIONS = YES;
				CLANG_WARN_DIRECT_OBJC_ISA_USAGE = YES_ERROR;
				CLANG_WARN_DOCUMENTATION_COMMENTS = YES;
				CLANG_WARN_EMPTY_BODY = YES;
				CLANG_WARN_ENUM_CONVERSION = YES;
				CLANG_WARN_INFINITE_RECURSION = YES;
				CLANG_WARN_INT_CONVERSION = YES;
				CLANG_WARN_NON_LITERAL_NULL_CONVERSION = YES;
				CLANG_WARN_OBJC_IMPLICIT_RETAIN_SELF = YES;
				CLANG_WARN_OBJC_LITERAL_CONVERSION = YES;
				CLANG_WARN_OBJC_ROOT_CLASS = YES_ERROR;
				CLANG_WARN_QUOTED_INCLUDE_IN_FRAMEWORK_HEADER = YES;
				CLANG_WARN_RANGE_LOOP_ANALYSIS = YES;
				CLANG_WARN_STRICT_PROTOTYPES = YES;
				CLANG_WARN_SUSPICIOUS_MOVE = YES;
				CLANG_WARN_UNGUARDED_AVAILABILITY = YES_AGGRESSIVE;
				CLANG_WARN_UNREACHABLE_CODE = YES;
				CLANG_WARN__DUPLICATE_METHOD_MATCH = YES;
				COPY_PHASE_STRIP = NO;
				DEBUG_INFORMATION_FORMAT = "dwarf-with-dsym";
				ENABLE_NS_ASSERTIONS = NO;
				ENABLE_STRICT_OBJC_MSGSEND = YES;
				GCC_C_LANGUAGE_STANDARD = gnu11;
				GCC_NO_COMMON_BLOCKS = YES;
				GCC_WARN_64_TO_32_BIT_CONVERSION = YES;
				GCC_WARN_ABOUT_RETURN_TYPE = YES_ERROR;
				GCC_WARN_UNDECLARED_SELECTOR = YES;
				GCC_WARN_UNINITIALIZED_AUTOS = YES_AGGRESSIVE;
				GCC_WARN_UNUSED_FUNCTION = YES;
				GCC_WARN_UNUSED_VARIABLE = YES;
				IPHONEOS_DEPLOYMENT_TARGET = 16.0;
				MTL_ENABLE_DEBUG_INFO = NO;
				MTL_FAST_MATH = YES;
				SDKROOT = iphoneos;
				SWIFT_COMPILATION_MODE = wholemodule;
				SWIFT_OPTIMIZATION_LEVEL = "-O";
				VALIDATE_PRODUCT = YES;
			};
			name = Release;
		};
		9307FE12291A469C00FA3D1B /* Debug */ = {
			isa = XCBuildConfiguration;
			baseConfigurationReference = 96D7E7817682027CCA692A5F /* Pods-PJKPager.debug.xcconfig */;
			buildSettings = {
				ASSETCATALOG_COMPILER_APPICON_NAME = AppIcon;
				ASSETCATALOG_COMPILER_GLOBAL_ACCENT_COLOR_NAME = AccentColor;
				CODE_SIGN_STYLE = Automatic;
				CURRENT_PROJECT_VERSION = 1;
				DEVELOPMENT_ASSET_PATHS = "\"PJKPager/Preview Content\"";
				ENABLE_PREVIEWS = YES;
				GENERATE_INFOPLIST_FILE = YES;
				INFOPLIST_KEY_UIApplicationSceneManifest_Generation = YES;
				INFOPLIST_KEY_UIApplicationSupportsIndirectInputEvents = YES;
				INFOPLIST_KEY_UILaunchScreen_Generation = YES;
				INFOPLIST_KEY_UISupportedInterfaceOrientations_iPad = "UIInterfaceOrientationPortrait UIInterfaceOrientationPortraitUpsideDown UIInterfaceOrientationLandscapeLeft UIInterfaceOrientationLandscapeRight";
				INFOPLIST_KEY_UISupportedInterfaceOrientations_iPhone = "UIInterfaceOrientationPortrait UIInterfaceOrientationLandscapeLeft UIInterfaceOrientationLandscapeRight";
				LD_RUNPATH_SEARCH_PATHS = (
					"$(inherited)",
					"@executable_path/Frameworks",
				);
				MARKETING_VERSION = 1.0;
				PRODUCT_BUNDLE_IDENTIFIER = PJK.PJKPager;
				PRODUCT_NAME = "$(TARGET_NAME)";
				SWIFT_EMIT_LOC_STRINGS = YES;
				SWIFT_VERSION = 5.0;
				TARGETED_DEVICE_FAMILY = "1,2";
			};
			name = Debug;
		};
		9307FE13291A469C00FA3D1B /* Release */ = {
			isa = XCBuildConfiguration;
			baseConfigurationReference = 68C4ED45CA204BBF972DEC43 /* Pods-PJKPager.release.xcconfig */;
			buildSettings = {
				ASSETCATALOG_COMPILER_APPICON_NAME = AppIcon;
				ASSETCATALOG_COMPILER_GLOBAL_ACCENT_COLOR_NAME = AccentColor;
				CODE_SIGN_STYLE = Automatic;
				CURRENT_PROJECT_VERSION = 1;
				DEVELOPMENT_ASSET_PATHS = "\"PJKPager/Preview Content\"";
				ENABLE_PREVIEWS = YES;
				GENERATE_INFOPLIST_FILE = YES;
				INFOPLIST_KEY_UIApplicationSceneManifest_Generation = YES;
				INFOPLIST_KEY_UIApplicationSupportsIndirectInputEvents = YES;
				INFOPLIST_KEY_UILaunchScreen_Generation = YES;
				INFOPLIST_KEY_UISupportedInterfaceOrientations_iPad = "UIInterfaceOrientationPortrait UIInterfaceOrientationPortraitUpsideDown UIInterfaceOrientationLandscapeLeft UIInterfaceOrientationLandscapeRight";
				INFOPLIST_KEY_UISupportedInterfaceOrientations_iPhone = "UIInterfaceOrientationPortrait UIInterfaceOrientationLandscapeLeft UIInterfaceOrientationLandscapeRight";
				LD_RUNPATH_SEARCH_PATHS = (
					"$(inherited)",
					"@executable_path/Frameworks",
				);
				MARKETING_VERSION = 1.0;
				PRODUCT_BUNDLE_IDENTIFIER = PJK.PJKPager;
				PRODUCT_NAME = "$(TARGET_NAME)";
				SWIFT_EMIT_LOC_STRINGS = YES;
				SWIFT_VERSION = 5.0;
				TARGETED_DEVICE_FAMILY = "1,2";
			};
			name = Release;
		};
		9307FE15291A469C00FA3D1B /* Debug */ = {
			isa = XCBuildConfiguration;
			buildSettings = {
				ALWAYS_EMBED_SWIFT_STANDARD_LIBRARIES = YES;
				BUNDLE_LOADER = "$(TEST_HOST)";
				CODE_SIGN_STYLE = Automatic;
				CURRENT_PROJECT_VERSION = 1;
				GENERATE_INFOPLIST_FILE = YES;
				IPHONEOS_DEPLOYMENT_TARGET = 16.0;
				MARKETING_VERSION = 1.0;
				PRODUCT_BUNDLE_IDENTIFIER = PJK.PJKPagerTests;
				PRODUCT_NAME = "$(TARGET_NAME)";
				SWIFT_EMIT_LOC_STRINGS = NO;
				SWIFT_VERSION = 5.0;
				TARGETED_DEVICE_FAMILY = "1,2";
				TEST_HOST = "$(BUILT_PRODUCTS_DIR)/PJKPager.app/$(BUNDLE_EXECUTABLE_FOLDER_PATH)/PJKPager";
			};
			name = Debug;
		};
		9307FE16291A469C00FA3D1B /* Release */ = {
			isa = XCBuildConfiguration;
			buildSettings = {
				ALWAYS_EMBED_SWIFT_STANDARD_LIBRARIES = YES;
				BUNDLE_LOADER = "$(TEST_HOST)";
				CODE_SIGN_STYLE = Automatic;
				CURRENT_PROJECT_VERSION = 1;
				GENERATE_INFOPLIST_FILE = YES;
				IPHONEOS_DEPLOYMENT_TARGET = 16.0;
				MARKETING_VERSION = 1.0;
				PRODUCT_BUNDLE_IDENTIFIER = PJK.PJKPagerTests;
				PRODUCT_NAME = "$(TARGET_NAME)";
				SWIFT_EMIT_LOC_STRINGS = NO;
				SWIFT_VERSION = 5.0;
				TARGETED_DEVICE_FAMILY = "1,2";
				TEST_HOST = "$(BUILT_PRODUCTS_DIR)/PJKPager.app/$(BUNDLE_EXECUTABLE_FOLDER_PATH)/PJKPager";
			};
			name = Release;
		};
		9307FE18291A469C00FA3D1B /* Debug */ = {
			isa = XCBuildConfiguration;
			buildSettings = {
				ALWAYS_EMBED_SWIFT_STANDARD_LIBRARIES = YES;
				CODE_SIGN_STYLE = Automatic;
				CURRENT_PROJECT_VERSION = 1;
				GENERATE_INFOPLIST_FILE = YES;
				MARKETING_VERSION = 1.0;
				PRODUCT_BUNDLE_IDENTIFIER = PJK.PJKPagerUITests;
				PRODUCT_NAME = "$(TARGET_NAME)";
				SWIFT_EMIT_LOC_STRINGS = NO;
				SWIFT_VERSION = 5.0;
				TARGETED_DEVICE_FAMILY = "1,2";
				TEST_TARGET_NAME = PJKPager;
			};
			name = Debug;
		};
		9307FE19291A469C00FA3D1B /* Release */ = {
			isa = XCBuildConfiguration;
			buildSettings = {
				ALWAYS_EMBED_SWIFT_STANDARD_LIBRARIES = YES;
				CODE_SIGN_STYLE = Automatic;
				CURRENT_PROJECT_VERSION = 1;
				GENERATE_INFOPLIST_FILE = YES;
				MARKETING_VERSION = 1.0;
				PRODUCT_BUNDLE_IDENTIFIER = PJK.PJKPagerUITests;
				PRODUCT_NAME = "$(TARGET_NAME)";
				SWIFT_EMIT_LOC_STRINGS = NO;
				SWIFT_VERSION = 5.0;
				TARGETED_DEVICE_FAMILY = "1,2";
				TEST_TARGET_NAME = PJKPager;
			};
			name = Release;
		};
/* End XCBuildConfiguration section */

/* Begin XCConfigurationList section */
		9307FDE8291A469B00FA3D1B /* Build configuration list for PBXProject "PJKPager" */ = {
			isa = XCConfigurationList;
			buildConfigurations = (
				9307FE0F291A469C00FA3D1B /* Debug */,
				9307FE10291A469C00FA3D1B /* Release */,
			);
			defaultConfigurationIsVisible = 0;
			defaultConfigurationName = Release;
		};
		9307FE11291A469C00FA3D1B /* Build configuration list for PBXNativeTarget "PJKPager" */ = {
			isa = XCConfigurationList;
			buildConfigurations = (
				9307FE12291A469C00FA3D1B /* Debug */,
				9307FE13291A469C00FA3D1B /* Release */,
			);
			defaultConfigurationIsVisible = 0;
			defaultConfigurationName = Release;
		};
		9307FE14291A469C00FA3D1B /* Build configuration list for PBXNativeTarget "PJKPagerTests" */ = {
			isa = XCConfigurationList;
			buildConfigurations = (
				9307FE15291A469C00FA3D1B /* Debug */,
				9307FE16291A469C00FA3D1B /* Release */,
			);
			defaultConfigurationIsVisible = 0;
			defaultConfigurationName = Release;
		};
		9307FE17291A469C00FA3D1B /* Build configuration list for PBXNativeTarget "PJKPagerUITests" */ = {
			isa = XCConfigurationList;
			buildConfigurations = (
				9307FE18291A469C00FA3D1B /* Debug */,
				9307FE19291A469C00FA3D1B /* Release */,
			);
			defaultConfigurationIsVisible = 0;
			defaultConfigurationName = Release;
		};
/* End XCConfigurationList section */
	};
	rootObject = 9307FDE5291A469B00FA3D1B /* Project object */;
}
